
Microsoft Visual Studio Solution File, Format Version 12.00
# Visual Studio 14
VisualStudioVersion = 14.0.25420.1
MinimumVisualStudioVersion = 10.0.40219.1
Project("{FAE04EC0-301F-11D3-BF4B-00C04F79EFBC}") = "FirstDbApp", "FirstDbApp\FirstDbApp.csproj", "{C2130AC1-63FE-43D4-A3C0-5A9517868BE8}"
EndProject
Project("{FAE04EC0-301F-11D3-BF4B-00C04F79EFBC}") = "FirstDbApp.Data", "FirstDbApp.Data\FirstDbApp.Data.csproj", "{21280F2F-AA77-4A20-B570-FB1202B76A4B}"
EndProject
Project("{FAE04EC0-301F-11D3-BF4B-00C04F79EFBC}") = "FirstDbApp.ViewModel", "FirstDbApp.ViewModel\FirstDbApp.ViewModel.csproj", "{4F9CF946-301D-42BD-85CF-E4A7D63BA070}"
EndProject
Global
	GlobalSection(SolutionConfigurationPlatforms) = preSolution
		Debug|Any CPU = Debug|Any CPU
		Release|Any CPU = Release|Any CPU
	EndGlobalSection
	GlobalSection(ProjectConfigurationPlatforms) = postSolution
		{C2130AC1-63FE-43D4-A3C0-5A9517868BE8}.Debug|Any CPU.ActiveCfg = Debug|Any CPU
		{C2130AC1-63FE-43D4-A3C0-5A9517868BE8}.Debug|Any CPU.Build.0 = Debug|Any CPU
		{C2130AC1-63FE-43D4-A3C0-5A9517868BE8}.Release|Any CPU.ActiveCfg = Release|Any CPU
		{C2130AC1-63FE-43D4-A3C0-5A9517868BE8}.Release|Any CPU.Build.0 = Release|Any CPU
		{21280F2F-AA77-4A20-B570-FB1202B76A4B}.Debug|Any CPU.ActiveCfg = Debug|Any CPU
		{21280F2F-AA77-4A20-B570-FB1202B76A4B}.Debug|Any CPU.Build.0 = Debug|Any CPU
		{21280F2F-AA77-4A20-B570-FB1202B76A4B}.Release|Any CPU.ActiveCfg = Release|Any CPU
		{21280F2F-AA77-4A20-B570-FB1202B76A4B}.Release|Any CPU.Build.0 = Release|Any CPU
		{4F9CF946-301D-42BD-85CF-E4A7D63BA070}.Debug|Any CPU.ActiveCfg = Debug|Any CPU
		{4F9CF946-301D-42BD-85CF-E4A7D63BA070}.Debug|Any CPU.Build.0 = Debug|Any CPU
		{4F9CF946-301D-42BD-85CF-E4A7D63BA070}.Release|Any CPU.ActiveCfg = Release|Any CPU
		{4F9CF946-301D-42BD-85CF-E4A7D63BA070}.Release|Any CPU.Build.0 = Release|Any CPU
	EndGlobalSection
	GlobalSection(SolutionProperties) = preSolution
		HideSolutionNode = FALSE
	EndGlobalSection
EndGlobal
